// !$*UTF8*$!
{
	archiveVersion = 1;
	classes = {
	};
	objectVersion = 46;
	objects = {

/* Begin PBXBuildFile section */
		D73C1BE618727D8200E3A769 /* Foundation.framework in Frameworks */ = {isa = PBXBuildFile; fileRef = D73C1BE518727D8200E3A769 /* Foundation.framework */; };
		D73C1BE818727D8200E3A769 /* CoreGraphics.framework in Frameworks */ = {isa = PBXBuildFile; fileRef = D73C1BE718727D8200E3A769 /* CoreGraphics.framework */; };
		D73C1BEA18727D8200E3A769 /* UIKit.framework in Frameworks */ = {isa = PBXBuildFile; fileRef = D73C1BE918727D8200E3A769 /* UIKit.framework */; };
		D73C1BF018727D8200E3A769 /* InfoPlist.strings in Resources */ = {isa = PBXBuildFile; fileRef = D73C1BEE18727D8200E3A769 /* InfoPlist.strings */; };
		D73C1BF218727D8200E3A769 /* main.m in Sources */ = {isa = PBXBuildFile; fileRef = D73C1BF118727D8200E3A769 /* main.m */; };
		D73C1BF618727D8200E3A769 /* JGAppDelegate.m in Sources */ = {isa = PBXBuildFile; fileRef = D73C1BF518727D8200E3A769 /* JGAppDelegate.m */; };
		D73C1BF918727D8200E3A769 /* Main.storyboard in Resources */ = {isa = PBXBuildFile; fileRef = D73C1BF718727D8200E3A769 /* Main.storyboard */; };
		D73C1BFC18727D8200E3A769 /* JGViewController.m in Sources */ = {isa = PBXBuildFile; fileRef = D73C1BFB18727D8200E3A769 /* JGViewController.m */; };
		D73C1BFE18727D8200E3A769 /* Images.xcassets in Resources */ = {isa = PBXBuildFile; fileRef = D73C1BFD18727D8200E3A769 /* Images.xcassets */; };
		D73C1C0518727D8200E3A769 /* XCTest.framework in Frameworks */ = {isa = PBXBuildFile; fileRef = D73C1C0418727D8200E3A769 /* XCTest.framework */; };
		D73C1C0618727D8200E3A769 /* Foundation.framework in Frameworks */ = {isa = PBXBuildFile; fileRef = D73C1BE518727D8200E3A769 /* Foundation.framework */; };
		D73C1C0718727D8200E3A769 /* UIKit.framework in Frameworks */ = {isa = PBXBuildFile; fileRef = D73C1BE918727D8200E3A769 /* UIKit.framework */; };
		D73C1C0F18727D8200E3A769 /* InfoPlist.strings in Resources */ = {isa = PBXBuildFile; fileRef = D73C1C0D18727D8200E3A769 /* InfoPlist.strings */; };
		D73C1C1118727D8200E3A769 /* DictionaryLayoutExampleTests.m in Sources */ = {isa = PBXBuildFile; fileRef = D73C1C1018727D8200E3A769 /* DictionaryLayoutExampleTests.m */; };
		D73C1C2718727DCC00E3A769 /* NSDictionary+Loading.m in Sources */ = {isa = PBXBuildFile; fileRef = D73C1C1E18727DCC00E3A769 /* NSDictionary+Loading.m */; };
		D73C1C2818727DCC00E3A769 /* NSException+Assertion.m in Sources */ = {isa = PBXBuildFile; fileRef = D73C1C2018727DCC00E3A769 /* NSException+Assertion.m */; };
		D73C1C2918727DCC00E3A769 /* NSLayoutConstraint+Creation.m in Sources */ = {isa = PBXBuildFile; fileRef = D73C1C2218727DCC00E3A769 /* NSLayoutConstraint+Creation.m */; };
		D73C1C2A18727DCC00E3A769 /* UIColor+Creation.m in Sources */ = {isa = PBXBuildFile; fileRef = D73C1C2418727DCC00E3A769 /* UIColor+Creation.m */; };
		D73C1C2B18727DCC00E3A769 /* UIInterpolatingMotionEffect+Creation.m in Sources */ = {isa = PBXBuildFile; fileRef = D73C1C2618727DCC00E3A769 /* UIInterpolatingMotionEffect+Creation.m */; };
		D73C1C2E18727DD400E3A769 /* UIView+LayoutBase.m in Sources */ = {isa = PBXBuildFile; fileRef = D73C1C2D18727DD400E3A769 /* UIView+LayoutBase.m */; };
		D73C1C3118727DDD00E3A769 /* UIView+DictionaryLayout.m in Sources */ = {isa = PBXBuildFile; fileRef = D73C1C3018727DDD00E3A769 /* UIView+DictionaryLayout.m */; };
		D73C1C3318727DF000E3A769 /* ExampleView.plist in Resources */ = {isa = PBXBuildFile; fileRef = D73C1C3218727DF000E3A769 /* ExampleView.plist */; };
		D73C1C3C1872843600E3A769 /* NSAttributedString+Creation.m in Sources */ = {isa = PBXBuildFile; fileRef = D73C1C3B1872843600E3A769 /* NSAttributedString+Creation.m */; };
		D73C1C481872AD9400E3A769 /* NSAttributedString+Attributes.m in Sources */ = {isa = PBXBuildFile; fileRef = D73C1C471872AD9300E3A769 /* NSAttributedString+Attributes.m */; };
		D73C1C4D1872AD9D00E3A769 /* NSShadow+Creation.m in Sources */ = {isa = PBXBuildFile; fileRef = D73C1C4A1872AD9D00E3A769 /* NSShadow+Creation.m */; };
		D73C1C4E1872AD9D00E3A769 /* UIFont+Creation.m in Sources */ = {isa = PBXBuildFile; fileRef = D73C1C4C1872AD9D00E3A769 /* UIFont+Creation.m */; };
		D73C1C511872ADA900E3A769 /* UILabel+LayoutBase.m in Sources */ = {isa = PBXBuildFile; fileRef = D73C1C501872ADA900E3A769 /* UILabel+LayoutBase.m */; };
		D7B6698218C50D6D00488AC4 /* JGDictionaryAlias.m in Sources */ = {isa = PBXBuildFile; fileRef = D7B6697B18C50D6D00488AC4 /* JGDictionaryAlias.m */; };
		D7B6698318C50D6D00488AC4 /* NSDictionary+DictionaryLayoutAlias.m in Sources */ = {isa = PBXBuildFile; fileRef = D7B6697D18C50D6D00488AC4 /* NSDictionary+DictionaryLayoutAlias.m */; };
		D7B6698418C50D6D00488AC4 /* NSString+DictionaryLayoutAlias.m in Sources */ = {isa = PBXBuildFile; fileRef = D7B6697F18C50D6D00488AC4 /* NSString+DictionaryLayoutAlias.m */; };
		D7B6698518C50D6D00488AC4 /* UIView+DictionaryLayoutAlias.m in Sources */ = {isa = PBXBuildFile; fileRef = D7B6698118C50D6D00488AC4 /* UIView+DictionaryLayoutAlias.m */; };
		D7B6698818C50D7700488AC4 /* JGSubviewHelper.m in Sources */ = {isa = PBXBuildFile; fileRef = D7B6698718C50D7700488AC4 /* JGSubviewHelper.m */; };
/* End PBXBuildFile section */

/* Begin PBXContainerItemProxy section */
		D73C1C0818727D8200E3A769 /* PBXContainerItemProxy */ = {
			isa = PBXContainerItemProxy;
			containerPortal = D73C1BDA18727D8200E3A769 /* Project object */;
			proxyType = 1;
			remoteGlobalIDString = D73C1BE118727D8200E3A769;
			remoteInfo = DictionaryLayoutExample;
		};
/* End PBXContainerItemProxy section */

/* Begin PBXFileReference section */
		D73C1BE218727D8200E3A769 /* DictionaryLayoutExample.app */ = {isa = PBXFileReference; explicitFileType = wrapper.application; includeInIndex = 0; path = DictionaryLayoutExample.app; sourceTree = BUILT_PRODUCTS_DIR; };
		D73C1BE518727D8200E3A769 /* Foundation.framework */ = {isa = PBXFileReference; lastKnownFileType = wrapper.framework; name = Foundation.framework; path = System/Library/Frameworks/Foundation.framework; sourceTree = SDKROOT; };
		D73C1BE718727D8200E3A769 /* CoreGraphics.framework */ = {isa = PBXFileReference; lastKnownFileType = wrapper.framework; name = CoreGraphics.framework; path = System/Library/Frameworks/CoreGraphics.framework; sourceTree = SDKROOT; };
		D73C1BE918727D8200E3A769 /* UIKit.framework */ = {isa = PBXFileReference; lastKnownFileType = wrapper.framework; name = UIKit.framework; path = System/Library/Frameworks/UIKit.framework; sourceTree = SDKROOT; };
		D73C1BED18727D8200E3A769 /* DictionaryLayoutExample-Info.plist */ = {isa = PBXFileReference; lastKnownFileType = text.plist.xml; path = "DictionaryLayoutExample-Info.plist"; sourceTree = "<group>"; };
		D73C1BEF18727D8200E3A769 /* en */ = {isa = PBXFileReference; lastKnownFileType = text.plist.strings; name = en; path = en.lproj/InfoPlist.strings; sourceTree = "<group>"; };
		D73C1BF118727D8200E3A769 /* main.m */ = {isa = PBXFileReference; lastKnownFileType = sourcecode.c.objc; path = main.m; sourceTree = "<group>"; };
		D73C1BF318727D8200E3A769 /* DictionaryLayoutExample-Prefix.pch */ = {isa = PBXFileReference; lastKnownFileType = sourcecode.c.h; path = "DictionaryLayoutExample-Prefix.pch"; sourceTree = "<group>"; };
		D73C1BF418727D8200E3A769 /* JGAppDelegate.h */ = {isa = PBXFileReference; lastKnownFileType = sourcecode.c.h; path = JGAppDelegate.h; sourceTree = "<group>"; };
		D73C1BF518727D8200E3A769 /* JGAppDelegate.m */ = {isa = PBXFileReference; lastKnownFileType = sourcecode.c.objc; path = JGAppDelegate.m; sourceTree = "<group>"; };
		D73C1BF818727D8200E3A769 /* Base */ = {isa = PBXFileReference; lastKnownFileType = file.storyboard; name = Base; path = Base.lproj/Main.storyboard; sourceTree = "<group>"; };
		D73C1BFA18727D8200E3A769 /* JGViewController.h */ = {isa = PBXFileReference; lastKnownFileType = sourcecode.c.h; path = JGViewController.h; sourceTree = "<group>"; };
		D73C1BFB18727D8200E3A769 /* JGViewController.m */ = {isa = PBXFileReference; lastKnownFileType = sourcecode.c.objc; path = JGViewController.m; sourceTree = "<group>"; };
		D73C1BFD18727D8200E3A769 /* Images.xcassets */ = {isa = PBXFileReference; lastKnownFileType = folder.assetcatalog; path = Images.xcassets; sourceTree = "<group>"; };
		D73C1C0318727D8200E3A769 /* DictionaryLayoutExampleTests.xctest */ = {isa = PBXFileReference; explicitFileType = wrapper.cfbundle; includeInIndex = 0; path = DictionaryLayoutExampleTests.xctest; sourceTree = BUILT_PRODUCTS_DIR; };
		D73C1C0418727D8200E3A769 /* XCTest.framework */ = {isa = PBXFileReference; lastKnownFileType = wrapper.framework; name = XCTest.framework; path = Library/Frameworks/XCTest.framework; sourceTree = DEVELOPER_DIR; };
		D73C1C0C18727D8200E3A769 /* DictionaryLayoutExampleTests-Info.plist */ = {isa = PBXFileReference; lastKnownFileType = text.plist.xml; path = "DictionaryLayoutExampleTests-Info.plist"; sourceTree = "<group>"; };
		D73C1C0E18727D8200E3A769 /* en */ = {isa = PBXFileReference; lastKnownFileType = text.plist.strings; name = en; path = en.lproj/InfoPlist.strings; sourceTree = "<group>"; };
		D73C1C1018727D8200E3A769 /* DictionaryLayoutExampleTests.m */ = {isa = PBXFileReference; lastKnownFileType = sourcecode.c.objc; path = DictionaryLayoutExampleTests.m; sourceTree = "<group>"; };
		D73C1C1D18727DCC00E3A769 /* NSDictionary+Loading.h */ = {isa = PBXFileReference; fileEncoding = 4; lastKnownFileType = sourcecode.c.h; name = "NSDictionary+Loading.h"; path = "../UIView+DictionaryLayout/Other Categories/NSDictionary+Loading.h"; sourceTree = "<group>"; };
		D73C1C1E18727DCC00E3A769 /* NSDictionary+Loading.m */ = {isa = PBXFileReference; fileEncoding = 4; lastKnownFileType = sourcecode.c.objc; name = "NSDictionary+Loading.m"; path = "../UIView+DictionaryLayout/Other Categories/NSDictionary+Loading.m"; sourceTree = "<group>"; };
		D73C1C1F18727DCC00E3A769 /* NSException+Assertion.h */ = {isa = PBXFileReference; fileEncoding = 4; lastKnownFileType = sourcecode.c.h; name = "NSException+Assertion.h"; path = "../UIView+DictionaryLayout/Other Categories/NSException+Assertion.h"; sourceTree = "<group>"; };
		D73C1C2018727DCC00E3A769 /* NSException+Assertion.m */ = {isa = PBXFileReference; fileEncoding = 4; lastKnownFileType = sourcecode.c.objc; name = "NSException+Assertion.m"; path = "../UIView+DictionaryLayout/Other Categories/NSException+Assertion.m"; sourceTree = "<group>"; };
		D73C1C2118727DCC00E3A769 /* NSLayoutConstraint+Creation.h */ = {isa = PBXFileReference; fileEncoding = 4; lastKnownFileType = sourcecode.c.h; name = "NSLayoutConstraint+Creation.h"; path = "../UIView+DictionaryLayout/Other Categories/NSLayoutConstraint+Creation.h"; sourceTree = "<group>"; };
		D73C1C2218727DCC00E3A769 /* NSLayoutConstraint+Creation.m */ = {isa = PBXFileReference; fileEncoding = 4; lastKnownFileType = sourcecode.c.objc; name = "NSLayoutConstraint+Creation.m"; path = "../UIView+DictionaryLayout/Other Categories/NSLayoutConstraint+Creation.m"; sourceTree = "<group>"; };
		D73C1C2318727DCC00E3A769 /* UIColor+Creation.h */ = {isa = PBXFileReference; fileEncoding = 4; lastKnownFileType = sourcecode.c.h; name = "UIColor+Creation.h"; path = "../UIView+DictionaryLayout/Other Categories/UIColor+Creation.h"; sourceTree = "<group>"; };
		D73C1C2418727DCC00E3A769 /* UIColor+Creation.m */ = {isa = PBXFileReference; fileEncoding = 4; lastKnownFileType = sourcecode.c.objc; name = "UIColor+Creation.m"; path = "../UIView+DictionaryLayout/Other Categories/UIColor+Creation.m"; sourceTree = "<group>"; };
		D73C1C2518727DCC00E3A769 /* UIInterpolatingMotionEffect+Creation.h */ = {isa = PBXFileReference; fileEncoding = 4; lastKnownFileType = sourcecode.c.h; name = "UIInterpolatingMotionEffect+Creation.h"; path = "../UIView+DictionaryLayout/Other Categories/UIInterpolatingMotionEffect+Creation.h"; sourceTree = "<group>"; };
		D73C1C2618727DCC00E3A769 /* UIInterpolatingMotionEffect+Creation.m */ = {isa = PBXFileReference; fileEncoding = 4; lastKnownFileType = sourcecode.c.objc; name = "UIInterpolatingMotionEffect+Creation.m"; path = "../UIView+DictionaryLayout/Other Categories/UIInterpolatingMotionEffect+Creation.m"; sourceTree = "<group>"; };
		D73C1C2C18727DD400E3A769 /* UIView+LayoutBase.h */ = {isa = PBXFileReference; fileEncoding = 4; lastKnownFileType = sourcecode.c.h; name = "UIView+LayoutBase.h"; path = "../UIView+DictionaryLayout/Layout Categories/UIView+LayoutBase.h"; sourceTree = "<group>"; };
		D73C1C2D18727DD400E3A769 /* UIView+LayoutBase.m */ = {isa = PBXFileReference; fileEncoding = 4; lastKnownFileType = sourcecode.c.objc; name = "UIView+LayoutBase.m"; path = "../UIView+DictionaryLayout/Layout Categories/UIView+LayoutBase.m"; sourceTree = "<group>"; };
		D73C1C2F18727DDD00E3A769 /* UIView+DictionaryLayout.h */ = {isa = PBXFileReference; fileEncoding = 4; lastKnownFileType = sourcecode.c.h; name = "UIView+DictionaryLayout.h"; path = "../UIView+DictionaryLayout/UIView+DictionaryLayout.h"; sourceTree = "<group>"; };
		D73C1C3018727DDD00E3A769 /* UIView+DictionaryLayout.m */ = {isa = PBXFileReference; fileEncoding = 4; lastKnownFileType = sourcecode.c.objc; name = "UIView+DictionaryLayout.m"; path = "../UIView+DictionaryLayout/UIView+DictionaryLayout.m"; sourceTree = "<group>"; };
		D73C1C3218727DF000E3A769 /* ExampleView.plist */ = {isa = PBXFileReference; fileEncoding = 4; lastKnownFileType = text.plist.xml; path = ExampleView.plist; sourceTree = "<group>"; };
		D73C1C3A1872843600E3A769 /* NSAttributedString+Creation.h */ = {isa = PBXFileReference; fileEncoding = 4; lastKnownFileType = sourcecode.c.h; name = "NSAttributedString+Creation.h"; path = "../UIView+DictionaryLayout/Other Categories/NSAttributedString+Creation.h"; sourceTree = "<group>"; };
		D73C1C3B1872843600E3A769 /* NSAttributedString+Creation.m */ = {isa = PBXFileReference; fileEncoding = 4; lastKnownFileType = sourcecode.c.objc; name = "NSAttributedString+Creation.m"; path = "../UIView+DictionaryLayout/Other Categories/NSAttributedString+Creation.m"; sourceTree = "<group>"; };
		D73C1C461872AD9300E3A769 /* NSAttributedString+Attributes.h */ = {isa = PBXFileReference; fileEncoding = 4; lastKnownFileType = sourcecode.c.h; name = "NSAttributedString+Attributes.h"; path = "../UIView+DictionaryLayout/Other Categories/NSAttributedString+Attributes.h"; sourceTree = "<group>"; };
		D73C1C471872AD9300E3A769 /* NSAttributedString+Attributes.m */ = {isa = PBXFileReference; fileEncoding = 4; lastKnownFileType = sourcecode.c.objc; name = "NSAttributedString+Attributes.m"; path = "../UIView+DictionaryLayout/Other Categories/NSAttributedString+Attributes.m"; sourceTree = "<group>"; };
		D73C1C491872AD9D00E3A769 /* NSShadow+Creation.h */ = {isa = PBXFileReference; fileEncoding = 4; lastKnownFileType = sourcecode.c.h; name = "NSShadow+Creation.h"; path = "../UIView+DictionaryLayout/Other Categories/NSShadow+Creation.h"; sourceTree = "<group>"; };
		D73C1C4A1872AD9D00E3A769 /* NSShadow+Creation.m */ = {isa = PBXFileReference; fileEncoding = 4; lastKnownFileType = sourcecode.c.objc; name = "NSShadow+Creation.m"; path = "../UIView+DictionaryLayout/Other Categories/NSShadow+Creation.m"; sourceTree = "<group>"; };
		D73C1C4B1872AD9D00E3A769 /* UIFont+Creation.h */ = {isa = PBXFileReference; fileEncoding = 4; lastKnownFileType = sourcecode.c.h; name = "UIFont+Creation.h"; path = "../UIView+DictionaryLayout/Other Categories/UIFont+Creation.h"; sourceTree = "<group>"; };
		D73C1C4C1872AD9D00E3A769 /* UIFont+Creation.m */ = {isa = PBXFileReference; fileEncoding = 4; lastKnownFileType = sourcecode.c.objc; name = "UIFont+Creation.m"; path = "../UIView+DictionaryLayout/Other Categories/UIFont+Creation.m"; sourceTree = "<group>"; };
		D73C1C4F1872ADA900E3A769 /* UILabel+LayoutBase.h */ = {isa = PBXFileReference; fileEncoding = 4; lastKnownFileType = sourcecode.c.h; name = "UILabel+LayoutBase.h"; path = "../UIView+DictionaryLayout/Other Categories/UILabel+LayoutBase.h"; sourceTree = "<group>"; };
		D73C1C501872ADA900E3A769 /* UILabel+LayoutBase.m */ = {isa = PBXFileReference; fileEncoding = 4; lastKnownFileType = sourcecode.c.objc; name = "UILabel+LayoutBase.m"; path = "../UIView+DictionaryLayout/Other Categories/UILabel+LayoutBase.m"; sourceTree = "<group>"; };
		D7B6697A18C50D6D00488AC4 /* JGDictionaryAlias.h */ = {isa = PBXFileReference; fileEncoding = 4; lastKnownFileType = sourcecode.c.h; name = JGDictionaryAlias.h; path = "../UIView+DictionaryLayout/Alias/JGDictionaryAlias.h"; sourceTree = "<group>"; };
		D7B6697B18C50D6D00488AC4 /* JGDictionaryAlias.m */ = {isa = PBXFileReference; fileEncoding = 4; lastKnownFileType = sourcecode.c.objc; name = JGDictionaryAlias.m; path = "../UIView+DictionaryLayout/Alias/JGDictionaryAlias.m"; sourceTree = "<group>"; };
		D7B6697C18C50D6D00488AC4 /* NSDictionary+DictionaryLayoutAlias.h */ = {isa = PBXFileReference; fileEncoding = 4; lastKnownFileType = sourcecode.c.h; name = "NSDictionary+DictionaryLayoutAlias.h"; path = "../UIView+DictionaryLayout/Alias/NSDictionary+DictionaryLayoutAlias.h"; sourceTree = "<group>"; };
		D7B6697D18C50D6D00488AC4 /* NSDictionary+DictionaryLayoutAlias.m */ = {isa = PBXFileReference; fileEncoding = 4; lastKnownFileType = sourcecode.c.objc; name = "NSDictionary+DictionaryLayoutAlias.m"; path = "../UIView+DictionaryLayout/Alias/NSDictionary+DictionaryLayoutAlias.m"; sourceTree = "<group>"; };
		D7B6697E18C50D6D00488AC4 /* NSString+DictionaryLayoutAlias.h */ = {isa = PBXFileReference; fileEncoding = 4; lastKnownFileType = sourcecode.c.h; name = "NSString+DictionaryLayoutAlias.h"; path = "../UIView+DictionaryLayout/Alias/NSString+DictionaryLayoutAlias.h"; sourceTree = "<group>"; };
		D7B6697F18C50D6D00488AC4 /* NSString+DictionaryLayoutAlias.m */ = {isa = PBXFileReference; fileEncoding = 4; lastKnownFileType = sourcecode.c.objc; name = "NSString+DictionaryLayoutAlias.m"; path = "../UIView+DictionaryLayout/Alias/NSString+DictionaryLayoutAlias.m"; sourceTree = "<group>"; };
		D7B6698018C50D6D00488AC4 /* UIView+DictionaryLayoutAlias.h */ = {isa = PBXFileReference; fileEncoding = 4; lastKnownFileType = sourcecode.c.h; name = "UIView+DictionaryLayoutAlias.h"; path = "../UIView+DictionaryLayout/Alias/UIView+DictionaryLayoutAlias.h"; sourceTree = "<group>"; };
		D7B6698118C50D6D00488AC4 /* UIView+DictionaryLayoutAlias.m */ = {isa = PBXFileReference; fileEncoding = 4; lastKnownFileType = sourcecode.c.objc; name = "UIView+DictionaryLayoutAlias.m"; path = "../UIView+DictionaryLayout/Alias/UIView+DictionaryLayoutAlias.m"; sourceTree = "<group>"; };
		D7B6698618C50D7700488AC4 /* JGSubviewHelper.h */ = {isa = PBXFileReference; fileEncoding = 4; lastKnownFileType = sourcecode.c.h; name = JGSubviewHelper.h; path = "../UIView+DictionaryLayout/Layout Categories/JGSubviewHelper.h"; sourceTree = "<group>"; };
		D7B6698718C50D7700488AC4 /* JGSubviewHelper.m */ = {isa = PBXFileReference; fileEncoding = 4; lastKnownFileType = sourcecode.c.objc; name = JGSubviewHelper.m; path = "../UIView+DictionaryLayout/Layout Categories/JGSubviewHelper.m"; sourceTree = "<group>"; };
/* End PBXFileReference section */

/* Begin PBXFrameworksBuildPhase section */
		D73C1BDF18727D8200E3A769 /* Frameworks */ = {
			isa = PBXFrameworksBuildPhase;
			buildActionMask = 2147483647;
			files = (
				D73C1BE818727D8200E3A769 /* CoreGraphics.framework in Frameworks */,
				D73C1BEA18727D8200E3A769 /* UIKit.framework in Frameworks */,
				D73C1BE618727D8200E3A769 /* Foundation.framework in Frameworks */,
			);
			runOnlyForDeploymentPostprocessing = 0;
		};
		D73C1C0018727D8200E3A769 /* Frameworks */ = {
			isa = PBXFrameworksBuildPhase;
			buildActionMask = 2147483647;
			files = (
				D73C1C0518727D8200E3A769 /* XCTest.framework in Frameworks */,
				D73C1C0718727D8200E3A769 /* UIKit.framework in Frameworks */,
				D73C1C0618727D8200E3A769 /* Foundation.framework in Frameworks */,
			);
			runOnlyForDeploymentPostprocessing = 0;
		};
/* End PBXFrameworksBuildPhase section */

/* Begin PBXGroup section */
		D73C1BD918727D8200E3A769 = {
			isa = PBXGroup;
			children = (
				D73C1C1A18727DAA00E3A769 /* UIView+DictionaryLayout */,
				D73C1BEB18727D8200E3A769 /* DictionaryLayoutExample */,
				D73C1C0A18727D8200E3A769 /* DictionaryLayoutExampleTests */,
				D73C1BE418727D8200E3A769 /* Frameworks */,
				D73C1BE318727D8200E3A769 /* Products */,
			);
			sourceTree = "<group>";
		};
		D73C1BE318727D8200E3A769 /* Products */ = {
			isa = PBXGroup;
			children = (
				D73C1BE218727D8200E3A769 /* DictionaryLayoutExample.app */,
				D73C1C0318727D8200E3A769 /* DictionaryLayoutExampleTests.xctest */,
			);
			name = Products;
			sourceTree = "<group>";
		};
		D73C1BE418727D8200E3A769 /* Frameworks */ = {
			isa = PBXGroup;
			children = (
				D73C1BE518727D8200E3A769 /* Foundation.framework */,
				D73C1BE718727D8200E3A769 /* CoreGraphics.framework */,
				D73C1BE918727D8200E3A769 /* UIKit.framework */,
				D73C1C0418727D8200E3A769 /* XCTest.framework */,
			);
			name = Frameworks;
			sourceTree = "<group>";
		};
		D73C1BEB18727D8200E3A769 /* DictionaryLayoutExample */ = {
			isa = PBXGroup;
			children = (
				D73C1BF418727D8200E3A769 /* JGAppDelegate.h */,
				D73C1BF518727D8200E3A769 /* JGAppDelegate.m */,
				D73C1BF718727D8200E3A769 /* Main.storyboard */,
				D73C1BFA18727D8200E3A769 /* JGViewController.h */,
				D73C1BFB18727D8200E3A769 /* JGViewController.m */,
				D73C1C3218727DF000E3A769 /* ExampleView.plist */,
				D73C1BFD18727D8200E3A769 /* Images.xcassets */,
				D73C1BEC18727D8200E3A769 /* Supporting Files */,
			);
			path = DictionaryLayoutExample;
			sourceTree = "<group>";
		};
		D73C1BEC18727D8200E3A769 /* Supporting Files */ = {
			isa = PBXGroup;
			children = (
				D73C1BED18727D8200E3A769 /* DictionaryLayoutExample-Info.plist */,
				D73C1BEE18727D8200E3A769 /* InfoPlist.strings */,
				D73C1BF118727D8200E3A769 /* main.m */,
				D73C1BF318727D8200E3A769 /* DictionaryLayoutExample-Prefix.pch */,
			);
			name = "Supporting Files";
			sourceTree = "<group>";
		};
		D73C1C0A18727D8200E3A769 /* DictionaryLayoutExampleTests */ = {
			isa = PBXGroup;
			children = (
				D73C1C1018727D8200E3A769 /* DictionaryLayoutExampleTests.m */,
				D73C1C0B18727D8200E3A769 /* Supporting Files */,
			);
			path = DictionaryLayoutExampleTests;
			sourceTree = "<group>";
		};
		D73C1C0B18727D8200E3A769 /* Supporting Files */ = {
			isa = PBXGroup;
			children = (
				D73C1C0C18727D8200E3A769 /* DictionaryLayoutExampleTests-Info.plist */,
				D73C1C0D18727D8200E3A769 /* InfoPlist.strings */,
			);
			name = "Supporting Files";
			sourceTree = "<group>";
		};
		D73C1C1A18727DAA00E3A769 /* UIView+DictionaryLayout */ = {
			isa = PBXGroup;
			children = (
				D73C1C2F18727DDD00E3A769 /* UIView+DictionaryLayout.h */,
				D73C1C3018727DDD00E3A769 /* UIView+DictionaryLayout.m */,
				D7B6696418C4FF1800488AC4 /* Alias */,
				D73C1C1C18727DBE00E3A769 /* Other Categories */,
				D73C1C1B18727DB500E3A769 /* Layout Categories */,
			);
			name = "UIView+DictionaryLayout";
			sourceTree = "<group>";
		};
		D73C1C1B18727DB500E3A769 /* Layout Categories */ = {
			isa = PBXGroup;
			children = (
				D73C1C2C18727DD400E3A769 /* UIView+LayoutBase.h */,
				D73C1C2D18727DD400E3A769 /* UIView+LayoutBase.m */,
				D73C1C4F1872ADA900E3A769 /* UILabel+LayoutBase.h */,
				D73C1C501872ADA900E3A769 /* UILabel+LayoutBase.m */,
				D7B6698618C50D7700488AC4 /* JGSubviewHelper.h */,
				D7B6698718C50D7700488AC4 /* JGSubviewHelper.m */,
			);
			name = "Layout Categories";
			sourceTree = "<group>";
		};
		D73C1C1C18727DBE00E3A769 /* Other Categories */ = {
			isa = PBXGroup;
			children = (
				D73C1C1D18727DCC00E3A769 /* NSDictionary+Loading.h */,
				D73C1C1E18727DCC00E3A769 /* NSDictionary+Loading.m */,
				D73C1C1F18727DCC00E3A769 /* NSException+Assertion.h */,
				D73C1C2018727DCC00E3A769 /* NSException+Assertion.m */,
				D73C1C3A1872843600E3A769 /* NSAttributedString+Creation.h */,
				D73C1C3B1872843600E3A769 /* NSAttributedString+Creation.m */,
				D73C1C461872AD9300E3A769 /* NSAttributedString+Attributes.h */,
				D73C1C471872AD9300E3A769 /* NSAttributedString+Attributes.m */,
				D73C1C2118727DCC00E3A769 /* NSLayoutConstraint+Creation.h */,
				D73C1C2218727DCC00E3A769 /* NSLayoutConstraint+Creation.m */,
				D73C1C2318727DCC00E3A769 /* UIColor+Creation.h */,
				D73C1C2418727DCC00E3A769 /* UIColor+Creation.m */,
				D73C1C491872AD9D00E3A769 /* NSShadow+Creation.h */,
				D73C1C4A1872AD9D00E3A769 /* NSShadow+Creation.m */,
				D73C1C4B1872AD9D00E3A769 /* UIFont+Creation.h */,
				D73C1C4C1872AD9D00E3A769 /* UIFont+Creation.m */,
				D73C1C2518727DCC00E3A769 /* UIInterpolatingMotionEffect+Creation.h */,
				D73C1C2618727DCC00E3A769 /* UIInterpolatingMotionEffect+Creation.m */,
			);
			name = "Other Categories";
			sourceTree = "<group>";
		};
		D7B6696418C4FF1800488AC4 /* Alias */ = {
			isa = PBXGroup;
			children = (
				D7B6697A18C50D6D00488AC4 /* JGDictionaryAlias.h */,
				D7B6697B18C50D6D00488AC4 /* JGDictionaryAlias.m */,
				D7B6697C18C50D6D00488AC4 /* NSDictionary+DictionaryLayoutAlias.h */,
				D7B6697D18C50D6D00488AC4 /* NSDictionary+DictionaryLayoutAlias.m */,
				D7B6697E18C50D6D00488AC4 /* NSString+DictionaryLayoutAlias.h */,
				D7B6697F18C50D6D00488AC4 /* NSString+DictionaryLayoutAlias.m */,
				D7B6698018C50D6D00488AC4 /* UIView+DictionaryLayoutAlias.h */,
				D7B6698118C50D6D00488AC4 /* UIView+DictionaryLayoutAlias.m */,
			);
			name = Alias;
			sourceTree = "<group>";
		};
/* End PBXGroup section */

/* Begin PBXNativeTarget section */
		D73C1BE118727D8200E3A769 /* DictionaryLayoutExample */ = {
			isa = PBXNativeTarget;
			buildConfigurationList = D73C1C1418727D8200E3A769 /* Build configuration list for PBXNativeTarget "DictionaryLayoutExample" */;
			buildPhases = (
				D73C1BDE18727D8200E3A769 /* Sources */,
				D73C1BDF18727D8200E3A769 /* Frameworks */,
				D73C1BE018727D8200E3A769 /* Resources */,
			);
			buildRules = (
			);
			dependencies = (
			);
			name = DictionaryLayoutExample;
			productName = DictionaryLayoutExample;
			productReference = D73C1BE218727D8200E3A769 /* DictionaryLayoutExample.app */;
			productType = "com.apple.product-type.application";
		};
		D73C1C0218727D8200E3A769 /* DictionaryLayoutExampleTests */ = {
			isa = PBXNativeTarget;
			buildConfigurationList = D73C1C1718727D8200E3A769 /* Build configuration list for PBXNativeTarget "DictionaryLayoutExampleTests" */;
			buildPhases = (
				D73C1BFF18727D8200E3A769 /* Sources */,
				D73C1C0018727D8200E3A769 /* Frameworks */,
				D73C1C0118727D8200E3A769 /* Resources */,
			);
			buildRules = (
			);
			dependencies = (
				D73C1C0918727D8200E3A769 /* PBXTargetDependency */,
			);
			name = DictionaryLayoutExampleTests;
			productName = DictionaryLayoutExampleTests;
			productReference = D73C1C0318727D8200E3A769 /* DictionaryLayoutExampleTests.xctest */;
			productType = "com.apple.product-type.bundle.unit-test";
		};
/* End PBXNativeTarget section */

/* Begin PBXProject section */
		D73C1BDA18727D8200E3A769 /* Project object */ = {
			isa = PBXProject;
			attributes = {
				CLASSPREFIX = JG;
				LastUpgradeCheck = 0500;
				ORGANIZATIONNAME = "Jaden Geller";
				TargetAttributes = {
					D73C1C0218727D8200E3A769 = {
						TestTargetID = D73C1BE118727D8200E3A769;
					};
				};
			};
			buildConfigurationList = D73C1BDD18727D8200E3A769 /* Build configuration list for PBXProject "DictionaryLayoutExample" */;
			compatibilityVersion = "Xcode 3.2";
			developmentRegion = English;
			hasScannedForEncodings = 0;
			knownRegions = (
				en,
				Base,
			);
			mainGroup = D73C1BD918727D8200E3A769;
			productRefGroup = D73C1BE318727D8200E3A769 /* Products */;
			projectDirPath = "";
			projectRoot = "";
			targets = (
				D73C1BE118727D8200E3A769 /* DictionaryLayoutExample */,
				D73C1C0218727D8200E3A769 /* DictionaryLayoutExampleTests */,
			);
		};
/* End PBXProject section */

/* Begin PBXResourcesBuildPhase section */
		D73C1BE018727D8200E3A769 /* Resources */ = {
			isa = PBXResourcesBuildPhase;
			buildActionMask = 2147483647;
			files = (
				D73C1BFE18727D8200E3A769 /* Images.xcassets in Resources */,
				D73C1BF018727D8200E3A769 /* InfoPlist.strings in Resources */,
				D73C1C3318727DF000E3A769 /* ExampleView.plist in Resources */,
				D73C1BF918727D8200E3A769 /* Main.storyboard in Resources */,
			);
			runOnlyForDeploymentPostprocessing = 0;
		};
		D73C1C0118727D8200E3A769 /* Resources */ = {
			isa = PBXResourcesBuildPhase;
			buildActionMask = 2147483647;
			files = (
				D73C1C0F18727D8200E3A769 /* InfoPlist.strings in Resources */,
			);
			runOnlyForDeploymentPostprocessing = 0;
		};
/* End PBXResourcesBuildPhase section */

/* Begin PBXSourcesBuildPhase section */
		D73C1BDE18727D8200E3A769 /* Sources */ = {
			isa = PBXSourcesBuildPhase;
			buildActionMask = 2147483647;
			files = (
				D73C1C2918727DCC00E3A769 /* NSLayoutConstraint+Creation.m in Sources */,
				D73C1C511872ADA900E3A769 /* UILabel+LayoutBase.m in Sources */,
				D7B6698218C50D6D00488AC4 /* JGDictionaryAlias.m in Sources */,
				D73C1C4D1872AD9D00E3A769 /* NSShadow+Creation.m in Sources */,
				D73C1BF218727D8200E3A769 /* main.m in Sources */,
				D73C1C2B18727DCC00E3A769 /* UIInterpolatingMotionEffect+Creation.m in Sources */,
				D7B6698418C50D6D00488AC4 /* NSString+DictionaryLayoutAlias.m in Sources */,
				D73C1C2818727DCC00E3A769 /* NSException+Assertion.m in Sources */,
				D7B6698518C50D6D00488AC4 /* UIView+DictionaryLayoutAlias.m in Sources */,
				D73C1C2E18727DD400E3A769 /* UIView+LayoutBase.m in Sources */,
				D73C1C2718727DCC00E3A769 /* NSDictionary+Loading.m in Sources */,
				D73C1C3C1872843600E3A769 /* NSAttributedString+Creation.m in Sources */,
				D7B6698318C50D6D00488AC4 /* NSDictionary+DictionaryLayoutAlias.m in Sources */,
				D7B6698818C50D7700488AC4 /* JGSubviewHelper.m in Sources */,
				D73C1C3118727DDD00E3A769 /* UIView+DictionaryLayout.m in Sources */,
				D73C1BFC18727D8200E3A769 /* JGViewController.m in Sources */,
				D73C1C481872AD9400E3A769 /* NSAttributedString+Attributes.m in Sources */,
				D73C1C2A18727DCC00E3A769 /* UIColor+Creation.m in Sources */,
				D73C1BF618727D8200E3A769 /* JGAppDelegate.m in Sources */,
				D73C1C4E1872AD9D00E3A769 /* UIFont+Creation.m in Sources */,
			);
			runOnlyForDeploymentPostprocessing = 0;
		};
		D73C1BFF18727D8200E3A769 /* Sources */ = {
			isa = PBXSourcesBuildPhase;
			buildActionMask = 2147483647;
			files = (
				D73C1C1118727D8200E3A769 /* DictionaryLayoutExampleTests.m in Sources */,
			);
			runOnlyForDeploymentPostprocessing = 0;
		};
/* End PBXSourcesBuildPhase section */

/* Begin PBXTargetDependency section */
		D73C1C0918727D8200E3A769 /* PBXTargetDependency */ = {
			isa = PBXTargetDependency;
			target = D73C1BE118727D8200E3A769 /* DictionaryLayoutExample */;
			targetProxy = D73C1C0818727D8200E3A769 /* PBXContainerItemProxy */;
		};
/* End PBXTargetDependency section */

/* Begin PBXVariantGroup section */
		D73C1BEE18727D8200E3A769 /* InfoPlist.strings */ = {
			isa = PBXVariantGroup;
			children = (
				D73C1BEF18727D8200E3A769 /* en */,
			);
			name = InfoPlist.strings;
			sourceTree = "<group>";
		};
		D73C1BF718727D8200E3A769 /* Main.storyboard */ = {
			isa = PBXVariantGroup;
			children = (
				D73C1BF818727D8200E3A769 /* Base */,
			);
			name = Main.storyboard;
			sourceTree = "<group>";
		};
		D73C1C0D18727D8200E3A769 /* InfoPlist.strings */ = {
			isa = PBXVariantGroup;
			children = (
				D73C1C0E18727D8200E3A769 /* en */,
			);
			name = InfoPlist.strings;
			sourceTree = "<group>";
		};
/* End PBXVariantGroup section */

/* Begin XCBuildConfiguration section */
		D73C1C1218727D8200E3A769 /* Debug */ = {
			isa = XCBuildConfiguration;
			buildSettings = {
				ALWAYS_SEARCH_USER_PATHS = NO;
				ARCHS = "$(ARCHS_STANDARD_INCLUDING_64_BIT)";
				CLANG_CXX_LANGUAGE_STANDARD = "gnu++0x";
				CLANG_CXX_LIBRARY = "libc++";
				CLANG_ENABLE_MODULES = YES;
				CLANG_ENABLE_OBJC_ARC = YES;
				CLANG_WARN_BOOL_CONVERSION = YES;
				CLANG_WARN_CONSTANT_CONVERSION = YES;
				CLANG_WARN_DIRECT_OBJC_ISA_USAGE = YES_ERROR;
				CLANG_WARN_EMPTY_BODY = YES;
				CLANG_WARN_ENUM_CONVERSION = YES;
				CLANG_WARN_INT_CONVERSION = YES;
				CLANG_WARN_OBJC_ROOT_CLASS = YES_ERROR;
				CLANG_WARN__DUPLICATE_METHOD_MATCH = YES;
				"CODE_SIGN_IDENTITY[sdk=iphoneos*]" = "iPhone Developer";
				COPY_PHASE_STRIP = NO;
				GCC_C_LANGUAGE_STANDARD = gnu99;
				GCC_DYNAMIC_NO_PIC = NO;
				GCC_OPTIMIZATION_LEVEL = 0;
				GCC_PREPROCESSOR_DEFINITIONS = (
					"DEBUG=1",
					"$(inherited)",
				);
				GCC_SYMBOLS_PRIVATE_EXTERN = NO;
				GCC_WARN_64_TO_32_BIT_CONVERSION = YES;
				GCC_WARN_ABOUT_RETURN_TYPE = YES_ERROR;
				GCC_WARN_UNDECLARED_SELECTOR = YES;
				GCC_WARN_UNINITIALIZED_AUTOS = YES;
				GCC_WARN_UNUSED_FUNCTION = YES;
				GCC_WARN_UNUSED_VARIABLE = YES;
				IPHONEOS_DEPLOYMENT_TARGET = 7.0;
				ONLY_ACTIVE_ARCH = YES;
				SDKROOT = iphoneos;
				TARGETED_DEVICE_FAMILY = 2;
			};
			name = Debug;
		};
		D73C1C1318727D8200E3A769 /* Release */ = {
			isa = XCBuildConfiguration;
			buildSettings = {
				ALWAYS_SEARCH_USER_PATHS = NO;
				ARCHS = "$(ARCHS_STANDARD_INCLUDING_64_BIT)";
				CLANG_CXX_LANGUAGE_STANDARD = "gnu++0x";
				CLANG_CXX_LIBRARY = "libc++";
				CLANG_ENABLE_MODULES = YES;
				CLANG_ENABLE_OBJC_ARC = YES;
				CLANG_WARN_BOOL_CONVERSION = YES;
				CLANG_WARN_CONSTANT_CONVERSION = YES;
				CLANG_WARN_DIRECT_OBJC_ISA_USAGE = YES_ERROR;
				CLANG_WARN_EMPTY_BODY = YES;
				CLANG_WARN_ENUM_CONVERSION = YES;
				CLANG_WARN_INT_CONVERSION = YES;
				CLANG_WARN_OBJC_ROOT_CLASS = YES_ERROR;
				CLANG_WARN__DUPLICATE_METHOD_MATCH = YES;
				"CODE_SIGN_IDENTITY[sdk=iphoneos*]" = "iPhone Developer";
				COPY_PHASE_STRIP = YES;
				ENABLE_NS_ASSERTIONS = NO;
				GCC_C_LANGUAGE_STANDARD = gnu99;
				GCC_WARN_64_TO_32_BIT_CONVERSION = YES;
				GCC_WARN_ABOUT_RETURN_TYPE = YES_ERROR;
				GCC_WARN_UNDECLARED_SELECTOR = YES;
				GCC_WARN_UNINITIALIZED_AUTOS = YES;
				GCC_WARN_UNUSED_FUNCTION = YES;
				GCC_WARN_UNUSED_VARIABLE = YES;
				IPHONEOS_DEPLOYMENT_TARGET = 7.0;
				SDKROOT = iphoneos;
				TARGETED_DEVICE_FAMILY = 2;
				VALIDATE_PRODUCT = YES;
			};
			name = Release;
		};
		D73C1C1518727D8200E3A769 /* Debug */ = {
			isa = XCBuildConfiguration;
			buildSettings = {
				ASSETCATALOG_COMPILER_APPICON_NAME = AppIcon;
				ASSETCATALOG_COMPILER_LAUNCHIMAGE_NAME = LaunchImage;
				GCC_PRECOMPILE_PREFIX_HEADER = YES;
				GCC_PREFIX_HEADER = "DictionaryLayoutExample/DictionaryLayoutExample-Prefix.pch";
				INFOPLIST_FILE = "DictionaryLayoutExample/DictionaryLayoutExample-Info.plist";
				PRODUCT_NAME = "$(TARGET_NAME)";
				WRAPPER_EXTENSION = app;
			};
			name = Debug;
		};
		D73C1C1618727D8200E3A769 /* Release */ = {
			isa = XCBuildConfiguration;
			buildSettings = {
				ASSETCATALOG_COMPILER_APPICON_NAME = AppIcon;
				ASSETCATALOG_COMPILER_LAUNCHIMAGE_NAME = LaunchImage;
				GCC_PRECOMPILE_PREFIX_HEADER = YES;
				GCC_PREFIX_HEADER = "DictionaryLayoutExample/DictionaryLayoutExample-Prefix.pch";
				INFOPLIST_FILE = "DictionaryLayoutExample/DictionaryLayoutExample-Info.plist";
				PRODUCT_NAME = "$(TARGET_NAME)";
				WRAPPER_EXTENSION = app;
			};
			name = Release;
		};
		D73C1C1818727D8200E3A769 /* Debug */ = {
			isa = XCBuildConfiguration;
			buildSettings = {
				ARCHS = "$(ARCHS_STANDARD_INCLUDING_64_BIT)";
				BUNDLE_LOADER = "$(BUILT_PRODUCTS_DIR)/DictionaryLayoutExample.app/DictionaryLayoutExample";
				FRAMEWORK_SEARCH_PATHS = (
					"$(SDKROOT)/Developer/Library/Frameworks",
					"$(inherited)",
					"$(DEVELOPER_FRAMEWORKS_DIR)",
				);
				GCC_PRECOMPILE_PREFIX_HEADER = YES;
				GCC_PREFIX_HEADER = "DictionaryLayoutExample/DictionaryLayoutExample-Prefix.pch";
				GCC_PREPROCESSOR_DEFINITIONS = (
					"DEBUG=1",
					"$(inherited)",
				);
				INFOPLIST_FILE = "DictionaryLayoutExampleTests/DictionaryLayoutExampleTests-Info.plist";
				PRODUCT_NAME = "$(TARGET_NAME)";
				TEST_HOST = "$(BUNDLE_LOADER)";
				WRAPPER_EXTENSION = xctest;
			};
			name = Debug;
		};
		D73C1C1918727D8200E3A769 /* Release */ = {
			isa = XCBuildConfiguration;
			buildSettings = {
				ARCHS = "$(ARCHS_STANDARD_INCLUDING_64_BIT)";
				BUNDLE_LOADER = "$(BUILT_PRODUCTS_DIR)/DictionaryLayoutExample.app/DictionaryLayoutExample";
				FRAMEWORK_SEARCH_PATHS = (
					"$(SDKROOT)/Developer/Library/Frameworks",
					"$(inherited)",
					"$(DEVELOPER_FRAMEWORKS_DIR)",
				);
				GCC_PRECOMPILE_PREFIX_HEADER = YES;
				GCC_PREFIX_HEADER = "DictionaryLayoutExample/DictionaryLayoutExample-Prefix.pch";
				INFOPLIST_FILE = "DictionaryLayoutExampleTests/DictionaryLayoutExampleTests-Info.plist";
				PRODUCT_NAME = "$(TARGET_NAME)";
				TEST_HOST = "$(BUNDLE_LOADER)";
				WRAPPER_EXTENSION = xctest;
			};
			name = Release;
		};
/* End XCBuildConfiguration section */

/* Begin XCConfigurationList section */
		D73C1BDD18727D8200E3A769 /* Build configuration list for PBXProject "DictionaryLayoutExample" */ = {
			isa = XCConfigurationList;
			buildConfigurations = (
				D73C1C1218727D8200E3A769 /* Debug */,
				D73C1C1318727D8200E3A769 /* Release */,
			);
			defaultConfigurationIsVisible = 0;
			defaultConfigurationName = Release;
		};
		D73C1C1418727D8200E3A769 /* Build configuration list for PBXNativeTarget "DictionaryLayoutExample" */ = {
			isa = XCConfigurationList;
			buildConfigurations = (
				D73C1C1518727D8200E3A769 /* Debug */,
				D73C1C1618727D8200E3A769 /* Release */,
			);
			defaultConfigurationIsVisible = 0;
			defaultConfigurationName = Release;
		};
		D73C1C1718727D8200E3A769 /* Build configuration list for PBXNativeTarget "DictionaryLayoutExampleTests" */ = {
			isa = XCConfigurationList;
			buildConfigurations = (
				D73C1C1818727D8200E3A769 /* Debug */,
				D73C1C1918727D8200E3A769 /* Release */,
			);
			defaultConfigurationIsVisible = 0;
			defaultConfigurationName = Release;
		};
/* End XCConfigurationList section */
	};
	rootObject = D73C1BDA18727D8200E3A769 /* Project object */;
}
