// !$*UTF8*$!
{
	archiveVersion = 1;
	classes = {
	};
	objectVersion = 46;
	objects = {

/* Begin PBXBuildFile section */
		D7CA2ECF187120370066A6B0 /* Foundation.framework in Frameworks */ = {isa = PBXBuildFile; fileRef = D7CA2ECE187120370066A6B0 /* Foundation.framework */; };
		D7CA2ED1187120370066A6B0 /* CoreGraphics.framework in Frameworks */ = {isa = PBXBuildFile; fileRef = D7CA2ED0187120370066A6B0 /* CoreGraphics.framework */; };
		D7CA2ED3187120370066A6B0 /* UIKit.framework in Frameworks */ = {isa = PBXBuildFile; fileRef = D7CA2ED2187120370066A6B0 /* UIKit.framework */; };
		D7CA2ED9187120370066A6B0 /* InfoPlist.strings in Resources */ = {isa = PBXBuildFile; fileRef = D7CA2ED7187120370066A6B0 /* InfoPlist.strings */; };
		D7CA2EDB187120370066A6B0 /* main.m in Sources */ = {isa = PBXBuildFile; fileRef = D7CA2EDA187120370066A6B0 /* main.m */; };
		D7CA2EDF187120370066A6B0 /* JGAppDelegate.m in Sources */ = {isa = PBXBuildFile; fileRef = D7CA2EDE187120370066A6B0 /* JGAppDelegate.m */; };
		D7CA2EE2187120370066A6B0 /* Main.storyboard in Resources */ = {isa = PBXBuildFile; fileRef = D7CA2EE0187120370066A6B0 /* Main.storyboard */; };
		D7CA2EE5187120370066A6B0 /* JGViewController.m in Sources */ = {isa = PBXBuildFile; fileRef = D7CA2EE4187120370066A6B0 /* JGViewController.m */; };
		D7CA2EE7187120370066A6B0 /* Images.xcassets in Resources */ = {isa = PBXBuildFile; fileRef = D7CA2EE6187120370066A6B0 /* Images.xcassets */; };
		D7CA2EEE187120370066A6B0 /* XCTest.framework in Frameworks */ = {isa = PBXBuildFile; fileRef = D7CA2EED187120370066A6B0 /* XCTest.framework */; };
		D7CA2EEF187120370066A6B0 /* Foundation.framework in Frameworks */ = {isa = PBXBuildFile; fileRef = D7CA2ECE187120370066A6B0 /* Foundation.framework */; };
		D7CA2EF0187120370066A6B0 /* UIKit.framework in Frameworks */ = {isa = PBXBuildFile; fileRef = D7CA2ED2187120370066A6B0 /* UIKit.framework */; };
		D7CA2EF8187120370066A6B0 /* InfoPlist.strings in Resources */ = {isa = PBXBuildFile; fileRef = D7CA2EF6187120370066A6B0 /* InfoPlist.strings */; };
		D7CA2EFA187120370066A6B0 /* JGDictionaryLayoutViewExampleTests.m in Sources */ = {isa = PBXBuildFile; fileRef = D7CA2EF9187120370066A6B0 /* JGDictionaryLayoutViewExampleTests.m */; };
		D7CA2F08187121110066A6B0 /* JGDictionaryLayoutView.m in Sources */ = {isa = PBXBuildFile; fileRef = D7CA2F07187121110066A6B0 /* JGDictionaryLayoutView.m */; };
		D7CA2F12187131BD0066A6B0 /* JGDictionaryLayoutView+Base.m in Sources */ = {isa = PBXBuildFile; fileRef = D7CA2F10187131BD0066A6B0 /* JGDictionaryLayoutView+Base.m */; };
		D7CA2F5B18716C970066A6B0 /* UIColor+Creation.m in Sources */ = {isa = PBXBuildFile; fileRef = D7CA2F5A18716C970066A6B0 /* UIColor+Creation.m */; };
		D7CA2F64187178720066A6B0 /* NSValue+Class.m in Sources */ = {isa = PBXBuildFile; fileRef = D7CA2F63187178720066A6B0 /* NSValue+Class.m */; };
		D7CA2F6718720BF10066A6B0 /* NSLayoutConstraint+Creation.m in Sources */ = {isa = PBXBuildFile; fileRef = D7CA2F6618720BF10066A6B0 /* NSLayoutConstraint+Creation.m */; };
		D7CA2F6A187244130066A6B0 /* UIInterpolatingMotionEffect+Creation.m in Sources */ = {isa = PBXBuildFile; fileRef = D7CA2F69187244130066A6B0 /* UIInterpolatingMotionEffect+Creation.m */; };
		D7CA2F6C187245B20066A6B0 /* ExampleView.plist in Resources */ = {isa = PBXBuildFile; fileRef = D7CA2F6B187245B20066A6B0 /* ExampleView.plist */; };
		D7CA2F6F187246900066A6B0 /* NSDictionary+Loading.m in Sources */ = {isa = PBXBuildFile; fileRef = D7CA2F6E187246900066A6B0 /* NSDictionary+Loading.m */; };
/* End PBXBuildFile section */

/* Begin PBXContainerItemProxy section */
		D7CA2EF1187120370066A6B0 /* PBXContainerItemProxy */ = {
			isa = PBXContainerItemProxy;
			containerPortal = D7CA2EC3187120370066A6B0 /* Project object */;
			proxyType = 1;
			remoteGlobalIDString = D7CA2ECA187120370066A6B0;
			remoteInfo = JGDictionaryLayoutViewExample;
		};
/* End PBXContainerItemProxy section */

/* Begin PBXFileReference section */
		D7CA2ECB187120370066A6B0 /* JGDictionaryLayoutViewExample.app */ = {isa = PBXFileReference; explicitFileType = wrapper.application; includeInIndex = 0; path = JGDictionaryLayoutViewExample.app; sourceTree = BUILT_PRODUCTS_DIR; };
		D7CA2ECE187120370066A6B0 /* Foundation.framework */ = {isa = PBXFileReference; lastKnownFileType = wrapper.framework; name = Foundation.framework; path = System/Library/Frameworks/Foundation.framework; sourceTree = SDKROOT; };
		D7CA2ED0187120370066A6B0 /* CoreGraphics.framework */ = {isa = PBXFileReference; lastKnownFileType = wrapper.framework; name = CoreGraphics.framework; path = System/Library/Frameworks/CoreGraphics.framework; sourceTree = SDKROOT; };
		D7CA2ED2187120370066A6B0 /* UIKit.framework */ = {isa = PBXFileReference; lastKnownFileType = wrapper.framework; name = UIKit.framework; path = System/Library/Frameworks/UIKit.framework; sourceTree = SDKROOT; };
		D7CA2ED6187120370066A6B0 /* JGDictionaryLayoutViewExample-Info.plist */ = {isa = PBXFileReference; lastKnownFileType = text.plist.xml; path = "JGDictionaryLayoutViewExample-Info.plist"; sourceTree = "<group>"; };
		D7CA2ED8187120370066A6B0 /* en */ = {isa = PBXFileReference; lastKnownFileType = text.plist.strings; name = en; path = en.lproj/InfoPlist.strings; sourceTree = "<group>"; };
		D7CA2EDA187120370066A6B0 /* main.m */ = {isa = PBXFileReference; lastKnownFileType = sourcecode.c.objc; path = main.m; sourceTree = "<group>"; };
		D7CA2EDC187120370066A6B0 /* JGDictionaryLayoutViewExample-Prefix.pch */ = {isa = PBXFileReference; lastKnownFileType = sourcecode.c.h; path = "JGDictionaryLayoutViewExample-Prefix.pch"; sourceTree = "<group>"; };
		D7CA2EDD187120370066A6B0 /* JGAppDelegate.h */ = {isa = PBXFileReference; lastKnownFileType = sourcecode.c.h; path = JGAppDelegate.h; sourceTree = "<group>"; };
		D7CA2EDE187120370066A6B0 /* JGAppDelegate.m */ = {isa = PBXFileReference; lastKnownFileType = sourcecode.c.objc; path = JGAppDelegate.m; sourceTree = "<group>"; };
		D7CA2EE1187120370066A6B0 /* Base */ = {isa = PBXFileReference; lastKnownFileType = file.storyboard; name = Base; path = Base.lproj/Main.storyboard; sourceTree = "<group>"; };
		D7CA2EE3187120370066A6B0 /* JGViewController.h */ = {isa = PBXFileReference; lastKnownFileType = sourcecode.c.h; path = JGViewController.h; sourceTree = "<group>"; };
		D7CA2EE4187120370066A6B0 /* JGViewController.m */ = {isa = PBXFileReference; lastKnownFileType = sourcecode.c.objc; path = JGViewController.m; sourceTree = "<group>"; };
		D7CA2EE6187120370066A6B0 /* Images.xcassets */ = {isa = PBXFileReference; lastKnownFileType = folder.assetcatalog; path = Images.xcassets; sourceTree = "<group>"; };
		D7CA2EEC187120370066A6B0 /* JGDictionaryLayoutViewExampleTests.xctest */ = {isa = PBXFileReference; explicitFileType = wrapper.cfbundle; includeInIndex = 0; path = JGDictionaryLayoutViewExampleTests.xctest; sourceTree = BUILT_PRODUCTS_DIR; };
		D7CA2EED187120370066A6B0 /* XCTest.framework */ = {isa = PBXFileReference; lastKnownFileType = wrapper.framework; name = XCTest.framework; path = Library/Frameworks/XCTest.framework; sourceTree = DEVELOPER_DIR; };
		D7CA2EF5187120370066A6B0 /* JGDictionaryLayoutViewExampleTests-Info.plist */ = {isa = PBXFileReference; lastKnownFileType = text.plist.xml; path = "JGDictionaryLayoutViewExampleTests-Info.plist"; sourceTree = "<group>"; };
		D7CA2EF7187120370066A6B0 /* en */ = {isa = PBXFileReference; lastKnownFileType = text.plist.strings; name = en; path = en.lproj/InfoPlist.strings; sourceTree = "<group>"; };
		D7CA2EF9187120370066A6B0 /* JGDictionaryLayoutViewExampleTests.m */ = {isa = PBXFileReference; lastKnownFileType = sourcecode.c.objc; path = JGDictionaryLayoutViewExampleTests.m; sourceTree = "<group>"; };
		D7CA2F06187121110066A6B0 /* JGDictionaryLayoutView.h */ = {isa = PBXFileReference; fileEncoding = 4; lastKnownFileType = sourcecode.c.h; name = JGDictionaryLayoutView.h; path = ../../JGDictionaryLayoutView.h; sourceTree = "<group>"; };
		D7CA2F07187121110066A6B0 /* JGDictionaryLayoutView.m */ = {isa = PBXFileReference; fileEncoding = 4; lastKnownFileType = sourcecode.c.objc; name = JGDictionaryLayoutView.m; path = ../../JGDictionaryLayoutView.m; sourceTree = "<group>"; };
		D7CA2F0F187131BD0066A6B0 /* JGDictionaryLayoutView+Base.h */ = {isa = PBXFileReference; fileEncoding = 4; lastKnownFileType = sourcecode.c.h; name = "JGDictionaryLayoutView+Base.h"; path = "../../JGDictionaryLayoutView+Base.h"; sourceTree = "<group>"; };
		D7CA2F10187131BD0066A6B0 /* JGDictionaryLayoutView+Base.m */ = {isa = PBXFileReference; fileEncoding = 4; lastKnownFileType = sourcecode.c.objc; name = "JGDictionaryLayoutView+Base.m"; path = "../../JGDictionaryLayoutView+Base.m"; sourceTree = "<group>"; };
		D7CA2F5918716C970066A6B0 /* UIColor+Creation.h */ = {isa = PBXFileReference; fileEncoding = 4; lastKnownFileType = sourcecode.c.h; path = "UIColor+Creation.h"; sourceTree = "<group>"; };
		D7CA2F5A18716C970066A6B0 /* UIColor+Creation.m */ = {isa = PBXFileReference; fileEncoding = 4; lastKnownFileType = sourcecode.c.objc; path = "UIColor+Creation.m"; sourceTree = "<group>"; };
		D7CA2F62187178720066A6B0 /* NSValue+Class.h */ = {isa = PBXFileReference; fileEncoding = 4; lastKnownFileType = sourcecode.c.h; path = "NSValue+Class.h"; sourceTree = "<group>"; };
		D7CA2F63187178720066A6B0 /* NSValue+Class.m */ = {isa = PBXFileReference; fileEncoding = 4; lastKnownFileType = sourcecode.c.objc; path = "NSValue+Class.m"; sourceTree = "<group>"; };
		D7CA2F6518720BF10066A6B0 /* NSLayoutConstraint+Creation.h */ = {isa = PBXFileReference; fileEncoding = 4; lastKnownFileType = sourcecode.c.h; path = "NSLayoutConstraint+Creation.h"; sourceTree = "<group>"; };
		D7CA2F6618720BF10066A6B0 /* NSLayoutConstraint+Creation.m */ = {isa = PBXFileReference; fileEncoding = 4; lastKnownFileType = sourcecode.c.objc; path = "NSLayoutConstraint+Creation.m"; sourceTree = "<group>"; };
		D7CA2F68187244130066A6B0 /* UIInterpolatingMotionEffect+Creation.h */ = {isa = PBXFileReference; fileEncoding = 4; lastKnownFileType = sourcecode.c.h; path = "UIInterpolatingMotionEffect+Creation.h"; sourceTree = "<group>"; };
		D7CA2F69187244130066A6B0 /* UIInterpolatingMotionEffect+Creation.m */ = {isa = PBXFileReference; fileEncoding = 4; lastKnownFileType = sourcecode.c.objc; path = "UIInterpolatingMotionEffect+Creation.m"; sourceTree = "<group>"; };
		D7CA2F6B187245B20066A6B0 /* ExampleView.plist */ = {isa = PBXFileReference; fileEncoding = 4; lastKnownFileType = text.plist.xml; name = ExampleView.plist; path = ../ExampleView.plist; sourceTree = "<group>"; };
		D7CA2F6D187246900066A6B0 /* NSDictionary+Loading.h */ = {isa = PBXFileReference; fileEncoding = 4; lastKnownFileType = sourcecode.c.h; path = "NSDictionary+Loading.h"; sourceTree = "<group>"; };
		D7CA2F6E187246900066A6B0 /* NSDictionary+Loading.m */ = {isa = PBXFileReference; fileEncoding = 4; lastKnownFileType = sourcecode.c.objc; path = "NSDictionary+Loading.m"; sourceTree = "<group>"; };
/* End PBXFileReference section */

/* Begin PBXFrameworksBuildPhase section */
		D7CA2EC8187120370066A6B0 /* Frameworks */ = {
			isa = PBXFrameworksBuildPhase;
			buildActionMask = 2147483647;
			files = (
				D7CA2ED1187120370066A6B0 /* CoreGraphics.framework in Frameworks */,
				D7CA2ED3187120370066A6B0 /* UIKit.framework in Frameworks */,
				D7CA2ECF187120370066A6B0 /* Foundation.framework in Frameworks */,
			);
			runOnlyForDeploymentPostprocessing = 0;
		};
		D7CA2EE9187120370066A6B0 /* Frameworks */ = {
			isa = PBXFrameworksBuildPhase;
			buildActionMask = 2147483647;
			files = (
				D7CA2EEE187120370066A6B0 /* XCTest.framework in Frameworks */,
				D7CA2EF0187120370066A6B0 /* UIKit.framework in Frameworks */,
				D7CA2EEF187120370066A6B0 /* Foundation.framework in Frameworks */,
			);
			runOnlyForDeploymentPostprocessing = 0;
		};
/* End PBXFrameworksBuildPhase section */

/* Begin PBXGroup section */
		D7CA2EC2187120370066A6B0 = {
			isa = PBXGroup;
			children = (
				D7CA2F09187121160066A6B0 /* JGDictionaryLayoutView */,
				D7CA2ED4187120370066A6B0 /* JGDictionaryLayoutViewExample */,
				D7CA2EF3187120370066A6B0 /* JGDictionaryLayoutViewExampleTests */,
				D7CA2ECD187120370066A6B0 /* Frameworks */,
				D7CA2ECC187120370066A6B0 /* Products */,
			);
			sourceTree = "<group>";
		};
		D7CA2ECC187120370066A6B0 /* Products */ = {
			isa = PBXGroup;
			children = (
				D7CA2ECB187120370066A6B0 /* JGDictionaryLayoutViewExample.app */,
				D7CA2EEC187120370066A6B0 /* JGDictionaryLayoutViewExampleTests.xctest */,
			);
			name = Products;
			sourceTree = "<group>";
		};
		D7CA2ECD187120370066A6B0 /* Frameworks */ = {
			isa = PBXGroup;
			children = (
				D7CA2ECE187120370066A6B0 /* Foundation.framework */,
				D7CA2ED0187120370066A6B0 /* CoreGraphics.framework */,
				D7CA2ED2187120370066A6B0 /* UIKit.framework */,
				D7CA2EED187120370066A6B0 /* XCTest.framework */,
			);
			name = Frameworks;
			sourceTree = "<group>";
		};
		D7CA2ED4187120370066A6B0 /* JGDictionaryLayoutViewExample */ = {
			isa = PBXGroup;
			children = (
				D7CA2EDD187120370066A6B0 /* JGAppDelegate.h */,
				D7CA2EDE187120370066A6B0 /* JGAppDelegate.m */,
				D7CA2EE0187120370066A6B0 /* Main.storyboard */,
				D7CA2EE3187120370066A6B0 /* JGViewController.h */,
				D7CA2EE4187120370066A6B0 /* JGViewController.m */,
				D7CA2F6B187245B20066A6B0 /* ExampleView.plist */,
				D7CA2EE6187120370066A6B0 /* Images.xcassets */,
				D7CA2ED5187120370066A6B0 /* Supporting Files */,
			);
			path = JGDictionaryLayoutViewExample;
			sourceTree = "<group>";
		};
		D7CA2ED5187120370066A6B0 /* Supporting Files */ = {
			isa = PBXGroup;
			children = (
				D7CA2ED6187120370066A6B0 /* JGDictionaryLayoutViewExample-Info.plist */,
				D7CA2ED7187120370066A6B0 /* InfoPlist.strings */,
				D7CA2EDA187120370066A6B0 /* main.m */,
				D7CA2EDC187120370066A6B0 /* JGDictionaryLayoutViewExample-Prefix.pch */,
			);
			name = "Supporting Files";
			sourceTree = "<group>";
		};
		D7CA2EF3187120370066A6B0 /* JGDictionaryLayoutViewExampleTests */ = {
			isa = PBXGroup;
			children = (
				D7CA2EF9187120370066A6B0 /* JGDictionaryLayoutViewExampleTests.m */,
				D7CA2EF4187120370066A6B0 /* Supporting Files */,
			);
			path = JGDictionaryLayoutViewExampleTests;
			sourceTree = "<group>";
		};
		D7CA2EF4187120370066A6B0 /* Supporting Files */ = {
			isa = PBXGroup;
			children = (
				D7CA2EF5187120370066A6B0 /* JGDictionaryLayoutViewExampleTests-Info.plist */,
				D7CA2EF6187120370066A6B0 /* InfoPlist.strings */,
			);
			name = "Supporting Files";
			sourceTree = "<group>";
		};
		D7CA2F09187121160066A6B0 /* JGDictionaryLayoutView */ = {
			isa = PBXGroup;
			children = (
				D7CA2F06187121110066A6B0 /* JGDictionaryLayoutView.h */,
				D7CA2F07187121110066A6B0 /* JGDictionaryLayoutView.m */,
				D7CA2F0F187131BD0066A6B0 /* JGDictionaryLayoutView+Base.h */,
				D7CA2F10187131BD0066A6B0 /* JGDictionaryLayoutView+Base.m */,
				D7CA2F68187244130066A6B0 /* UIInterpolatingMotionEffect+Creation.h */,
				D7CA2F69187244130066A6B0 /* UIInterpolatingMotionEffect+Creation.m */,
				D7CA2F6518720BF10066A6B0 /* NSLayoutConstraint+Creation.h */,
				D7CA2F6618720BF10066A6B0 /* NSLayoutConstraint+Creation.m */,
				D7CA2F5918716C970066A6B0 /* UIColor+Creation.h */,
				D7CA2F5A18716C970066A6B0 /* UIColor+Creation.m */,
				D7CA2F62187178720066A6B0 /* NSValue+Class.h */,
				D7CA2F63187178720066A6B0 /* NSValue+Class.m */,
				D7CA2F6D187246900066A6B0 /* NSDictionary+Loading.h */,
				D7CA2F6E187246900066A6B0 /* NSDictionary+Loading.m */,
			);
			name = JGDictionaryLayoutView;
			path = JGDictionaryLayoutViewExample;
			sourceTree = "<group>";
		};
/* End PBXGroup section */

/* Begin PBXNativeTarget section */
		D7CA2ECA187120370066A6B0 /* JGDictionaryLayoutViewExample */ = {
			isa = PBXNativeTarget;
			buildConfigurationList = D7CA2EFD187120370066A6B0 /* Build configuration list for PBXNativeTarget "JGDictionaryLayoutViewExample" */;
			buildPhases = (
				D7CA2EC7187120370066A6B0 /* Sources */,
				D7CA2EC8187120370066A6B0 /* Frameworks */,
				D7CA2EC9187120370066A6B0 /* Resources */,
			);
			buildRules = (
			);
			dependencies = (
			);
			name = JGDictionaryLayoutViewExample;
			productName = JGDictionaryLayoutViewExample;
			productReference = D7CA2ECB187120370066A6B0 /* JGDictionaryLayoutViewExample.app */;
			productType = "com.apple.product-type.application";
		};
		D7CA2EEB187120370066A6B0 /* JGDictionaryLayoutViewExampleTests */ = {
			isa = PBXNativeTarget;
			buildConfigurationList = D7CA2F00187120370066A6B0 /* Build configuration list for PBXNativeTarget "JGDictionaryLayoutViewExampleTests" */;
			buildPhases = (
				D7CA2EE8187120370066A6B0 /* Sources */,
				D7CA2EE9187120370066A6B0 /* Frameworks */,
				D7CA2EEA187120370066A6B0 /* Resources */,
			);
			buildRules = (
			);
			dependencies = (
				D7CA2EF2187120370066A6B0 /* PBXTargetDependency */,
			);
			name = JGDictionaryLayoutViewExampleTests;
			productName = JGDictionaryLayoutViewExampleTests;
			productReference = D7CA2EEC187120370066A6B0 /* JGDictionaryLayoutViewExampleTests.xctest */;
			productType = "com.apple.product-type.bundle.unit-test";
		};
/* End PBXNativeTarget section */

/* Begin PBXProject section */
		D7CA2EC3187120370066A6B0 /* Project object */ = {
			isa = PBXProject;
			attributes = {
				CLASSPREFIX = JG;
				LastUpgradeCheck = 0500;
				ORGANIZATIONNAME = "Jaden Geller";
				TargetAttributes = {
					D7CA2EEB187120370066A6B0 = {
						TestTargetID = D7CA2ECA187120370066A6B0;
					};
				};
			};
			buildConfigurationList = D7CA2EC6187120370066A6B0 /* Build configuration list for PBXProject "JGDictionaryLayoutViewExample" */;
			compatibilityVersion = "Xcode 3.2";
			developmentRegion = English;
			hasScannedForEncodings = 0;
			knownRegions = (
				en,
				Base,
			);
			mainGroup = D7CA2EC2187120370066A6B0;
			productRefGroup = D7CA2ECC187120370066A6B0 /* Products */;
			projectDirPath = "";
			projectRoot = "";
			targets = (
				D7CA2ECA187120370066A6B0 /* JGDictionaryLayoutViewExample */,
				D7CA2EEB187120370066A6B0 /* JGDictionaryLayoutViewExampleTests */,
			);
		};
/* End PBXProject section */

/* Begin PBXResourcesBuildPhase section */
		D7CA2EC9187120370066A6B0 /* Resources */ = {
			isa = PBXResourcesBuildPhase;
			buildActionMask = 2147483647;
			files = (
				D7CA2EE7187120370066A6B0 /* Images.xcassets in Resources */,
				D7CA2ED9187120370066A6B0 /* InfoPlist.strings in Resources */,
				D7CA2F6C187245B20066A6B0 /* ExampleView.plist in Resources */,
				D7CA2EE2187120370066A6B0 /* Main.storyboard in Resources */,
			);
			runOnlyForDeploymentPostprocessing = 0;
		};
		D7CA2EEA187120370066A6B0 /* Resources */ = {
			isa = PBXResourcesBuildPhase;
			buildActionMask = 2147483647;
			files = (
				D7CA2EF8187120370066A6B0 /* InfoPlist.strings in Resources */,
			);
			runOnlyForDeploymentPostprocessing = 0;
		};
/* End PBXResourcesBuildPhase section */

/* Begin PBXSourcesBuildPhase section */
		D7CA2EC7187120370066A6B0 /* Sources */ = {
			isa = PBXSourcesBuildPhase;
			buildActionMask = 2147483647;
			files = (
				D7CA2F5B18716C970066A6B0 /* UIColor+Creation.m in Sources */,
				D7CA2EDB187120370066A6B0 /* main.m in Sources */,
				D7CA2EE5187120370066A6B0 /* JGViewController.m in Sources */,
				D7CA2F12187131BD0066A6B0 /* JGDictionaryLayoutView+Base.m in Sources */,
				D7CA2F6718720BF10066A6B0 /* NSLayoutConstraint+Creation.m in Sources */,
				D7CA2EDF187120370066A6B0 /* JGAppDelegate.m in Sources */,
				D7CA2F6F187246900066A6B0 /* NSDictionary+Loading.m in Sources */,
				D7CA2F64187178720066A6B0 /* NSValue+Class.m in Sources */,
				D7CA2F6A187244130066A6B0 /* UIInterpolatingMotionEffect+Creation.m in Sources */,
				D7CA2F08187121110066A6B0 /* JGDictionaryLayoutView.m in Sources */,
			);
			runOnlyForDeploymentPostprocessing = 0;
		};
		D7CA2EE8187120370066A6B0 /* Sources */ = {
			isa = PBXSourcesBuildPhase;
			buildActionMask = 2147483647;
			files = (
				D7CA2EFA187120370066A6B0 /* JGDictionaryLayoutViewExampleTests.m in Sources */,
			);
			runOnlyForDeploymentPostprocessing = 0;
		};
/* End PBXSourcesBuildPhase section */

/* Begin PBXTargetDependency section */
		D7CA2EF2187120370066A6B0 /* PBXTargetDependency */ = {
			isa = PBXTargetDependency;
			target = D7CA2ECA187120370066A6B0 /* JGDictionaryLayoutViewExample */;
			targetProxy = D7CA2EF1187120370066A6B0 /* PBXContainerItemProxy */;
		};
/* End PBXTargetDependency section */

/* Begin PBXVariantGroup section */
		D7CA2ED7187120370066A6B0 /* InfoPlist.strings */ = {
			isa = PBXVariantGroup;
			children = (
				D7CA2ED8187120370066A6B0 /* en */,
			);
			name = InfoPlist.strings;
			sourceTree = "<group>";
		};
		D7CA2EE0187120370066A6B0 /* Main.storyboard */ = {
			isa = PBXVariantGroup;
			children = (
				D7CA2EE1187120370066A6B0 /* Base */,
			);
			name = Main.storyboard;
			sourceTree = "<group>";
		};
		D7CA2EF6187120370066A6B0 /* InfoPlist.strings */ = {
			isa = PBXVariantGroup;
			children = (
				D7CA2EF7187120370066A6B0 /* en */,
			);
			name = InfoPlist.strings;
			sourceTree = "<group>";
		};
/* End PBXVariantGroup section */

/* Begin XCBuildConfiguration section */
		D7CA2EFB187120370066A6B0 /* Debug */ = {
			isa = XCBuildConfiguration;
			buildSettings = {
				ALWAYS_SEARCH_USER_PATHS = NO;
				ARCHS = "$(ARCHS_STANDARD_INCLUDING_64_BIT)";
				CLANG_CXX_LANGUAGE_STANDARD = "gnu++0x";
				CLANG_CXX_LIBRARY = "libc++";
				CLANG_ENABLE_MODULES = YES;
				CLANG_ENABLE_OBJC_ARC = YES;
				CLANG_WARN_BOOL_CONVERSION = YES;
				CLANG_WARN_CONSTANT_CONVERSION = YES;
				CLANG_WARN_DIRECT_OBJC_ISA_USAGE = YES_ERROR;
				CLANG_WARN_EMPTY_BODY = YES;
				CLANG_WARN_ENUM_CONVERSION = YES;
				CLANG_WARN_INT_CONVERSION = YES;
				CLANG_WARN_OBJC_ROOT_CLASS = YES_ERROR;
				CLANG_WARN__DUPLICATE_METHOD_MATCH = YES;
				"CODE_SIGN_IDENTITY[sdk=iphoneos*]" = "iPhone Developer";
				COPY_PHASE_STRIP = NO;
				GCC_C_LANGUAGE_STANDARD = gnu99;
				GCC_DYNAMIC_NO_PIC = NO;
				GCC_OPTIMIZATION_LEVEL = 0;
				GCC_PREPROCESSOR_DEFINITIONS = (
					"DEBUG=1",
					"$(inherited)",
				);
				GCC_SYMBOLS_PRIVATE_EXTERN = NO;
				GCC_WARN_64_TO_32_BIT_CONVERSION = YES;
				GCC_WARN_ABOUT_RETURN_TYPE = YES_ERROR;
				GCC_WARN_UNDECLARED_SELECTOR = YES;
				GCC_WARN_UNINITIALIZED_AUTOS = YES;
				GCC_WARN_UNUSED_FUNCTION = YES;
				GCC_WARN_UNUSED_VARIABLE = YES;
				IPHONEOS_DEPLOYMENT_TARGET = 7.0;
				ONLY_ACTIVE_ARCH = YES;
				SDKROOT = iphoneos;
			};
			name = Debug;
		};
		D7CA2EFC187120370066A6B0 /* Release */ = {
			isa = XCBuildConfiguration;
			buildSettings = {
				ALWAYS_SEARCH_USER_PATHS = NO;
				ARCHS = "$(ARCHS_STANDARD_INCLUDING_64_BIT)";
				CLANG_CXX_LANGUAGE_STANDARD = "gnu++0x";
				CLANG_CXX_LIBRARY = "libc++";
				CLANG_ENABLE_MODULES = YES;
				CLANG_ENABLE_OBJC_ARC = YES;
				CLANG_WARN_BOOL_CONVERSION = YES;
				CLANG_WARN_CONSTANT_CONVERSION = YES;
				CLANG_WARN_DIRECT_OBJC_ISA_USAGE = YES_ERROR;
				CLANG_WARN_EMPTY_BODY = YES;
				CLANG_WARN_ENUM_CONVERSION = YES;
				CLANG_WARN_INT_CONVERSION = YES;
				CLANG_WARN_OBJC_ROOT_CLASS = YES_ERROR;
				CLANG_WARN__DUPLICATE_METHOD_MATCH = YES;
				"CODE_SIGN_IDENTITY[sdk=iphoneos*]" = "iPhone Developer";
				COPY_PHASE_STRIP = YES;
				ENABLE_NS_ASSERTIONS = NO;
				GCC_C_LANGUAGE_STANDARD = gnu99;
				GCC_WARN_64_TO_32_BIT_CONVERSION = YES;
				GCC_WARN_ABOUT_RETURN_TYPE = YES_ERROR;
				GCC_WARN_UNDECLARED_SELECTOR = YES;
				GCC_WARN_UNINITIALIZED_AUTOS = YES;
				GCC_WARN_UNUSED_FUNCTION = YES;
				GCC_WARN_UNUSED_VARIABLE = YES;
				IPHONEOS_DEPLOYMENT_TARGET = 7.0;
				SDKROOT = iphoneos;
				VALIDATE_PRODUCT = YES;
			};
			name = Release;
		};
		D7CA2EFE187120370066A6B0 /* Debug */ = {
			isa = XCBuildConfiguration;
			buildSettings = {
				ASSETCATALOG_COMPILER_APPICON_NAME = AppIcon;
				ASSETCATALOG_COMPILER_LAUNCHIMAGE_NAME = LaunchImage;
				GCC_PRECOMPILE_PREFIX_HEADER = YES;
				GCC_PREFIX_HEADER = "JGDictionaryLayoutViewExample/JGDictionaryLayoutViewExample-Prefix.pch";
				INFOPLIST_FILE = "JGDictionaryLayoutViewExample/JGDictionaryLayoutViewExample-Info.plist";
				PRODUCT_NAME = "$(TARGET_NAME)";
				WRAPPER_EXTENSION = app;
			};
			name = Debug;
		};
		D7CA2EFF187120370066A6B0 /* Release */ = {
			isa = XCBuildConfiguration;
			buildSettings = {
				ASSETCATALOG_COMPILER_APPICON_NAME = AppIcon;
				ASSETCATALOG_COMPILER_LAUNCHIMAGE_NAME = LaunchImage;
				GCC_PRECOMPILE_PREFIX_HEADER = YES;
				GCC_PREFIX_HEADER = "JGDictionaryLayoutViewExample/JGDictionaryLayoutViewExample-Prefix.pch";
				INFOPLIST_FILE = "JGDictionaryLayoutViewExample/JGDictionaryLayoutViewExample-Info.plist";
				PRODUCT_NAME = "$(TARGET_NAME)";
				WRAPPER_EXTENSION = app;
			};
			name = Release;
		};
		D7CA2F01187120370066A6B0 /* Debug */ = {
			isa = XCBuildConfiguration;
			buildSettings = {
				ARCHS = "$(ARCHS_STANDARD_INCLUDING_64_BIT)";
				BUNDLE_LOADER = "$(BUILT_PRODUCTS_DIR)/JGDictionaryLayoutViewExample.app/JGDictionaryLayoutViewExample";
				FRAMEWORK_SEARCH_PATHS = (
					"$(SDKROOT)/Developer/Library/Frameworks",
					"$(inherited)",
					"$(DEVELOPER_FRAMEWORKS_DIR)",
				);
				GCC_PRECOMPILE_PREFIX_HEADER = YES;
				GCC_PREFIX_HEADER = "JGDictionaryLayoutViewExample/JGDictionaryLayoutViewExample-Prefix.pch";
				GCC_PREPROCESSOR_DEFINITIONS = (
					"DEBUG=1",
					"$(inherited)",
				);
				INFOPLIST_FILE = "JGDictionaryLayoutViewExampleTests/JGDictionaryLayoutViewExampleTests-Info.plist";
				PRODUCT_NAME = "$(TARGET_NAME)";
				TEST_HOST = "$(BUNDLE_LOADER)";
				WRAPPER_EXTENSION = xctest;
			};
			name = Debug;
		};
		D7CA2F02187120370066A6B0 /* Release */ = {
			isa = XCBuildConfiguration;
			buildSettings = {
				ARCHS = "$(ARCHS_STANDARD_INCLUDING_64_BIT)";
				BUNDLE_LOADER = "$(BUILT_PRODUCTS_DIR)/JGDictionaryLayoutViewExample.app/JGDictionaryLayoutViewExample";
				FRAMEWORK_SEARCH_PATHS = (
					"$(SDKROOT)/Developer/Library/Frameworks",
					"$(inherited)",
					"$(DEVELOPER_FRAMEWORKS_DIR)",
				);
				GCC_PRECOMPILE_PREFIX_HEADER = YES;
				GCC_PREFIX_HEADER = "JGDictionaryLayoutViewExample/JGDictionaryLayoutViewExample-Prefix.pch";
				INFOPLIST_FILE = "JGDictionaryLayoutViewExampleTests/JGDictionaryLayoutViewExampleTests-Info.plist";
				PRODUCT_NAME = "$(TARGET_NAME)";
				TEST_HOST = "$(BUNDLE_LOADER)";
				WRAPPER_EXTENSION = xctest;
			};
			name = Release;
		};
/* End XCBuildConfiguration section */

/* Begin XCConfigurationList section */
		D7CA2EC6187120370066A6B0 /* Build configuration list for PBXProject "JGDictionaryLayoutViewExample" */ = {
			isa = XCConfigurationList;
			buildConfigurations = (
				D7CA2EFB187120370066A6B0 /* Debug */,
				D7CA2EFC187120370066A6B0 /* Release */,
			);
			defaultConfigurationIsVisible = 0;
			defaultConfigurationName = Release;
		};
		D7CA2EFD187120370066A6B0 /* Build configuration list for PBXNativeTarget "JGDictionaryLayoutViewExample" */ = {
			isa = XCConfigurationList;
			buildConfigurations = (
				D7CA2EFE187120370066A6B0 /* Debug */,
				D7CA2EFF187120370066A6B0 /* Release */,
			);
			defaultConfigurationIsVisible = 0;
			defaultConfigurationName = Release;
		};
		D7CA2F00187120370066A6B0 /* Build configuration list for PBXNativeTarget "JGDictionaryLayoutViewExampleTests" */ = {
			isa = XCConfigurationList;
			buildConfigurations = (
				D7CA2F01187120370066A6B0 /* Debug */,
				D7CA2F02187120370066A6B0 /* Release */,
			);
			defaultConfigurationIsVisible = 0;
			defaultConfigurationName = Release;
		};
/* End XCConfigurationList section */
	};
	rootObject = D7CA2EC3187120370066A6B0 /* Project object */;
}
